
Microsoft Visual Studio Solution File, Format Version 12.00
# Visual Studio Version 17
VisualStudioVersion = 17.2.32505.173
MinimumVisualStudioVersion = 10.0.40219.1
Project("{9A19103F-16F7-4668-BE54-9A1E7A4F7556}") = "MaskinparkApp", "MaskinparkApp\MaskinparkApp.csproj", "{DF03A7A9-F154-4122-951E-CD278737D9F6}"
EndProject
Project("{9A19103F-16F7-4668-BE54-9A1E7A4F7556}") = "Maskinpark.Data", "Maskinpark.Data\Maskinpark.Data.csproj", "{52E05C0E-4221-46DC-A3EA-19B6C88E8C6A}"
EndProject
Global
	GlobalSection(SolutionConfigurationPlatforms) = preSolution
		Debug|Any CPU = Debug|Any CPU
		Release|Any CPU = Release|Any CPU
	EndGlobalSection
	GlobalSection(ProjectConfigurationPlatforms) = postSolution
		{DF03A7A9-F154-4122-951E-CD278737D9F6}.Debug|Any CPU.ActiveCfg = Debug|Any CPU
		{DF03A7A9-F154-4122-951E-CD278737D9F6}.Debug|Any CPU.Build.0 = Debug|Any CPU
		{DF03A7A9-F154-4122-951E-CD278737D9F6}.Release|Any CPU.ActiveCfg = Release|Any CPU
		{DF03A7A9-F154-4122-951E-CD278737D9F6}.Release|Any CPU.Build.0 = Release|Any CPU
		{52E05C0E-4221-46DC-A3EA-19B6C88E8C6A}.Debug|Any CPU.ActiveCfg = Debug|Any CPU
		{52E05C0E-4221-46DC-A3EA-19B6C88E8C6A}.Debug|Any CPU.Build.0 = Debug|Any CPU
		{52E05C0E-4221-46DC-A3EA-19B6C88E8C6A}.Release|Any CPU.ActiveCfg = Release|Any CPU
		{52E05C0E-4221-46DC-A3EA-19B6C88E8C6A}.Release|Any CPU.Build.0 = Release|Any CPU
	EndGlobalSection
	GlobalSection(SolutionProperties) = preSolution
		HideSolutionNode = FALSE
	EndGlobalSection
	GlobalSection(ExtensibilityGlobals) = postSolution
		SolutionGuid = {EA795EC0-5CD8-49C0-8585-7A7F1886CCB0}
	EndGlobalSection
EndGlobal
